
Microsoft Visual Studio Solution File, Format Version 12.00
# Visual Studio Version 16
VisualStudioVersion = 16.0.30002.166
MinimumVisualStudioVersion = 10.0.40219.1
Project("{FAE04EC0-301F-11D3-BF4B-00C04F79EFBC}") = "Factory", "Factory\Factory.csproj", "{948A32BF-56EF-4829-AE21-F6052269C7FA}"
EndProject
Global
	GlobalSection(SolutionConfigurationPlatforms) = preSolution
		Debug|Any CPU = Debug|Any CPU
		Release|Any CPU = Release|Any CPU
	EndGlobalSection
	GlobalSection(ProjectConfigurationPlatforms) = postSolution
		{948A32BF-56EF-4829-AE21-F6052269C7FA}.Debug|Any CPU.ActiveCfg = Debug|Any CPU
		{948A32BF-56EF-4829-AE21-F6052269C7FA}.Debug|Any CPU.Build.0 = Debug|Any CPU
		{948A32BF-56EF-4829-AE21-F6052269C7FA}.Release|Any CPU.ActiveCfg = Release|Any CPU
		{948A32BF-56EF-4829-AE21-F6052269C7FA}.Release|Any CPU.Build.0 = Release|Any CPU
	EndGlobalSection
	GlobalSection(SolutionProperties) = preSolution
		HideSolutionNode = FALSE
	EndGlobalSection
	GlobalSection(ExtensibilityGlobals) = postSolution
		SolutionGuid = {51A0DEFF-1A73-40AF-8242-8A29B8B48EBE}
	EndGlobalSection
EndGlobal
